// !$*UTF8*$!
{
	archiveVersion = 1;
	classes = {
	};
	objectVersion = 46;
	objects = {

/* Begin PBXBuildFile section */
		304BBCAA19FC99BB000452EA /* AppDelegate.swift in Sources */ = {isa = PBXBuildFile; fileRef = 304BBCA919FC99BB000452EA /* AppDelegate.swift */; };
		304BBCAC19FC99BB000452EA /* ViewController.swift in Sources */ = {isa = PBXBuildFile; fileRef = 304BBCAB19FC99BB000452EA /* ViewController.swift */; };
		304BBCAF19FC99BB000452EA /* Main.storyboard in Resources */ = {isa = PBXBuildFile; fileRef = 304BBCAD19FC99BB000452EA /* Main.storyboard */; };
		304BBCB119FC99BB000452EA /* Images.xcassets in Resources */ = {isa = PBXBuildFile; fileRef = 304BBCB019FC99BB000452EA /* Images.xcassets */; };
		304BBCB419FC99BB000452EA /* LaunchScreen.xib in Resources */ = {isa = PBXBuildFile; fileRef = 304BBCB219FC99BB000452EA /* LaunchScreen.xib */; };
		304BBCC019FC99BB000452EA /* DCalendarUtilTests.swift in Sources */ = {isa = PBXBuildFile; fileRef = 304BBCBF19FC99BB000452EA /* DCalendarUtilTests.swift */; };
/* End PBXBuildFile section */

/* Begin PBXContainerItemProxy section */
		304BBCBA19FC99BB000452EA /* PBXContainerItemProxy */ = {
			isa = PBXContainerItemProxy;
			containerPortal = 304BBC9C19FC99BB000452EA /* Project object */;
			proxyType = 1;
			remoteGlobalIDString = 304BBCA319FC99BB000452EA;
			remoteInfo = DCalendarUtil;
		};
/* End PBXContainerItemProxy section */

/* Begin PBXFileReference section */
		304BBCA419FC99BB000452EA /* DCalendarUtil.app */ = {isa = PBXFileReference; explicitFileType = wrapper.application; includeInIndex = 0; path = DCalendarUtil.app; sourceTree = BUILT_PRODUCTS_DIR; };
		304BBCA819FC99BB000452EA /* Info.plist */ = {isa = PBXFileReference; lastKnownFileType = text.plist.xml; path = Info.plist; sourceTree = "<group>"; };
		304BBCA919FC99BB000452EA /* AppDelegate.swift */ = {isa = PBXFileReference; lastKnownFileType = sourcecode.swift; path = AppDelegate.swift; sourceTree = "<group>"; };
		304BBCAB19FC99BB000452EA /* ViewController.swift */ = {isa = PBXFileReference; lastKnownFileType = sourcecode.swift; path = ViewController.swift; sourceTree = "<group>"; };
		304BBCAE19FC99BB000452EA /* Base */ = {isa = PBXFileReference; lastKnownFileType = file.storyboard; name = Base; path = Base.lproj/Main.storyboard; sourceTree = "<group>"; };
		304BBCB019FC99BB000452EA /* Images.xcassets */ = {isa = PBXFileReference; lastKnownFileType = folder.assetcatalog; path = Images.xcassets; sourceTree = "<group>"; };
		304BBCB319FC99BB000452EA /* Base */ = {isa = PBXFileReference; lastKnownFileType = file.xib; name = Base; path = Base.lproj/LaunchScreen.xib; sourceTree = "<group>"; };
		304BBCB919FC99BB000452EA /* DCalendarUtilTests.xctest */ = {isa = PBXFileReference; explicitFileType = wrapper.cfbundle; includeInIndex = 0; path = DCalendarUtilTests.xctest; sourceTree = BUILT_PRODUCTS_DIR; };
		304BBCBE19FC99BB000452EA /* Info.plist */ = {isa = PBXFileReference; lastKnownFileType = text.plist.xml; path = Info.plist; sourceTree = "<group>"; };
		304BBCBF19FC99BB000452EA /* DCalendarUtilTests.swift */ = {isa = PBXFileReference; lastKnownFileType = sourcecode.swift; path = DCalendarUtilTests.swift; sourceTree = "<group>"; };
/* End PBXFileReference section */

/* Begin PBXFrameworksBuildPhase section */
		304BBCA119FC99BB000452EA /* Frameworks */ = {
			isa = PBXFrameworksBuildPhase;
			buildActionMask = 2147483647;
			files = (
			);
			runOnlyForDeploymentPostprocessing = 0;
		};
		304BBCB619FC99BB000452EA /* Frameworks */ = {
			isa = PBXFrameworksBuildPhase;
			buildActionMask = 2147483647;
			files = (
			);
			runOnlyForDeploymentPostprocessing = 0;
		};
/* End PBXFrameworksBuildPhase section */

/* Begin PBXGroup section */
		304BBC9B19FC99BB000452EA = {
			isa = PBXGroup;
			children = (
				304BBCA619FC99BB000452EA /* DCalendarUtil */,
				304BBCBC19FC99BB000452EA /* DCalendarUtilTests */,
				304BBCA519FC99BB000452EA /* Products */,
			);
			sourceTree = "<group>";
		};
		304BBCA519FC99BB000452EA /* Products */ = {
			isa = PBXGroup;
			children = (
				304BBCA419FC99BB000452EA /* DCalendarUtil.app */,
				304BBCB919FC99BB000452EA /* DCalendarUtilTests.xctest */,
			);
			name = Products;
			sourceTree = "<group>";
		};
		304BBCA619FC99BB000452EA /* DCalendarUtil */ = {
			isa = PBXGroup;
			children = (
				304BBCA919FC99BB000452EA /* AppDelegate.swift */,
				304BBCAB19FC99BB000452EA /* ViewController.swift */,
				304BBCAD19FC99BB000452EA /* Main.storyboard */,
				304BBCB019FC99BB000452EA /* Images.xcassets */,
				304BBCB219FC99BB000452EA /* LaunchScreen.xib */,
				304BBCA719FC99BB000452EA /* Supporting Files */,
			);
			path = DCalendarUtil;
			sourceTree = "<group>";
		};
		304BBCA719FC99BB000452EA /* Supporting Files */ = {
			isa = PBXGroup;
			children = (
				304BBCA819FC99BB000452EA /* Info.plist */,
			);
			name = "Supporting Files";
			sourceTree = "<group>";
		};
		304BBCBC19FC99BB000452EA /* DCalendarUtilTests */ = {
			isa = PBXGroup;
			children = (
				304BBCBF19FC99BB000452EA /* DCalendarUtilTests.swift */,
				304BBCBD19FC99BB000452EA /* Supporting Files */,
			);
			path = DCalendarUtilTests;
			sourceTree = "<group>";
		};
		304BBCBD19FC99BB000452EA /* Supporting Files */ = {
			isa = PBXGroup;
			children = (
				304BBCBE19FC99BB000452EA /* Info.plist */,
			);
			name = "Supporting Files";
			sourceTree = "<group>";
		};
/* End PBXGroup section */

/* Begin PBXNativeTarget section */
		304BBCA319FC99BB000452EA /* DCalendarUtil */ = {
			isa = PBXNativeTarget;
			buildConfigurationList = 304BBCC319FC99BB000452EA /* Build configuration list for PBXNativeTarget "DCalendarUtil" */;
			buildPhases = (
				304BBCA019FC99BB000452EA /* Sources */,
				304BBCA119FC99BB000452EA /* Frameworks */,
				304BBCA219FC99BB000452EA /* Resources */,
			);
			buildRules = (
			);
			dependencies = (
			);
			name = DCalendarUtil;
			productName = DCalendarUtil;
			productReference = 304BBCA419FC99BB000452EA /* DCalendarUtil.app */;
			productType = "com.apple.product-type.application";
		};
		304BBCB819FC99BB000452EA /* DCalendarUtilTests */ = {
			isa = PBXNativeTarget;
			buildConfigurationList = 304BBCC619FC99BB000452EA /* Build configuration list for PBXNativeTarget "DCalendarUtilTests" */;
			buildPhases = (
				304BBCB519FC99BB000452EA /* Sources */,
				304BBCB619FC99BB000452EA /* Frameworks */,
				304BBCB719FC99BB000452EA /* Resources */,
			);
			buildRules = (
			);
			dependencies = (
				304BBCBB19FC99BB000452EA /* PBXTargetDependency */,
			);
			name = DCalendarUtilTests;
			productName = DCalendarUtilTests;
			productReference = 304BBCB919FC99BB000452EA /* DCalendarUtilTests.xctest */;
			productType = "com.apple.product-type.bundle.unit-test";
		};
/* End PBXNativeTarget section */

/* Begin PBXProject section */
		304BBC9C19FC99BB000452EA /* Project object */ = {
			isa = PBXProject;
			attributes = {
				LastUpgradeCheck = 0610;
				ORGANIZATIONNAME = "Daliln Lauritzen";
				TargetAttributes = {
					304BBCA319FC99BB000452EA = {
						CreatedOnToolsVersion = 6.1;
					};
					304BBCB819FC99BB000452EA = {
						CreatedOnToolsVersion = 6.1;
						TestTargetID = 304BBCA319FC99BB000452EA;
					};
				};
			};
			buildConfigurationList = 304BBC9F19FC99BB000452EA /* Build configuration list for PBXProject "DCalendarUtil" */;
			compatibilityVersion = "Xcode 3.2";
			developmentRegion = English;
			hasScannedForEncodings = 0;
			knownRegions = (
				en,
				Base,
			);
			mainGroup = 304BBC9B19FC99BB000452EA;
			productRefGroup = 304BBCA519FC99BB000452EA /* Products */;
			projectDirPath = "";
			projectRoot = "";
			targets = (
				304BBCA319FC99BB000452EA /* DCalendarUtil */,
				304BBCB819FC99BB000452EA /* DCalendarUtilTests */,
			);
		};
/* End PBXProject section */

/* Begin PBXResourcesBuildPhase section */
		304BBCA219FC99BB000452EA /* Resources */ = {
			isa = PBXResourcesBuildPhase;
			buildActionMask = 2147483647;
			files = (
				304BBCAF19FC99BB000452EA /* Main.storyboard in Resources */,
				304BBCB419FC99BB000452EA /* LaunchScreen.xib in Resources */,
				304BBCB119FC99BB000452EA /* Images.xcassets in Resources */,
			);
			runOnlyForDeploymentPostprocessing = 0;
		};
		304BBCB719FC99BB000452EA /* Resources */ = {
			isa = PBXResourcesBuildPhase;
			buildActionMask = 2147483647;
			files = (
			);
			runOnlyForDeploymentPostprocessing = 0;
		};
/* End PBXResourcesBuildPhase section */

/* Begin PBXSourcesBuildPhase section */
		304BBCA019FC99BB000452EA /* Sources */ = {
			isa = PBXSourcesBuildPhase;
			buildActionMask = 2147483647;
			files = (
				304BBCAC19FC99BB000452EA /* ViewController.swift in Sources */,
				304BBCAA19FC99BB000452EA /* AppDelegate.swift in Sources */,
			);
			runOnlyForDeploymentPostprocessing = 0;
		};
		304BBCB519FC99BB000452EA /* Sources */ = {
			isa = PBXSourcesBuildPhase;
			buildActionMask = 2147483647;
			files = (
				304BBCC019FC99BB000452EA /* DCalendarUtilTests.swift in Sources */,
			);
			runOnlyForDeploymentPostprocessing = 0;
		};
/* End PBXSourcesBuildPhase section */

/* Begin PBXTargetDependency section */
		304BBCBB19FC99BB000452EA /* PBXTargetDependency */ = {
			isa = PBXTargetDependency;
			target = 304BBCA319FC99BB000452EA /* DCalendarUtil */;
			targetProxy = 304BBCBA19FC99BB000452EA /* PBXContainerItemProxy */;
		};
/* End PBXTargetDependency section */

/* Begin PBXVariantGroup section */
		304BBCAD19FC99BB000452EA /* Main.storyboard */ = {
			isa = PBXVariantGroup;
			children = (
				304BBCAE19FC99BB000452EA /* Base */,
			);
			name = Main.storyboard;
			sourceTree = "<group>";
		};
		304BBCB219FC99BB000452EA /* LaunchScreen.xib */ = {
			isa = PBXVariantGroup;
			children = (
				304BBCB319FC99BB000452EA /* Base */,
			);
			name = LaunchScreen.xib;
			sourceTree = "<group>";
		};
/* End PBXVariantGroup section */

/* Begin XCBuildConfiguration section */
		304BBCC119FC99BB000452EA /* Debug */ = {
			isa = XCBuildConfiguration;
			buildSettings = {
				ALWAYS_SEARCH_USER_PATHS = NO;
				CLANG_CXX_LANGUAGE_STANDARD = "gnu++0x";
				CLANG_CXX_LIBRARY = "libc++";
				CLANG_ENABLE_MODULES = YES;
				CLANG_ENABLE_OBJC_ARC = YES;
				CLANG_WARN_BOOL_CONVERSION = YES;
				CLANG_WARN_CONSTANT_CONVERSION = YES;
				CLANG_WARN_DIRECT_OBJC_ISA_USAGE = YES_ERROR;
				CLANG_WARN_EMPTY_BODY = YES;
				CLANG_WARN_ENUM_CONVERSION = YES;
				CLANG_WARN_INT_CONVERSION = YES;
				CLANG_WARN_OBJC_ROOT_CLASS = YES_ERROR;
				CLANG_WARN_UNREACHABLE_CODE = YES;
				CLANG_WARN__DUPLICATE_METHOD_MATCH = YES;
				"CODE_SIGN_IDENTITY[sdk=iphoneos*]" = "iPhone Developer";
				COPY_PHASE_STRIP = NO;
				ENABLE_STRICT_OBJC_MSGSEND = YES;
				GCC_C_LANGUAGE_STANDARD = gnu99;
				GCC_DYNAMIC_NO_PIC = NO;
				GCC_OPTIMIZATION_LEVEL = 0;
				GCC_PREPROCESSOR_DEFINITIONS = (
					"DEBUG=1",
					"$(inherited)",
				);
				GCC_SYMBOLS_PRIVATE_EXTERN = NO;
				GCC_WARN_64_TO_32_BIT_CONVERSION = YES;
				GCC_WARN_ABOUT_RETURN_TYPE = YES_ERROR;
				GCC_WARN_UNDECLARED_SELECTOR = YES;
				GCC_WARN_UNINITIALIZED_AUTOS = YES_AGGRESSIVE;
				GCC_WARN_UNUSED_FUNCTION = YES;
				GCC_WARN_UNUSED_VARIABLE = YES;
				IPHONEOS_DEPLOYMENT_TARGET = 8.1;
				MTL_ENABLE_DEBUG_INFO = YES;
				ONLY_ACTIVE_ARCH = YES;
				SDKROOT = iphoneos;
				SWIFT_OPTIMIZATION_LEVEL = "-Onone";
				TARGETED_DEVICE_FAMILY = "1,2";
			};
			name = Debug;
		};
		304BBCC219FC99BB000452EA /* Release */ = {
			isa = XCBuildConfiguration;
			buildSettings = {
				ALWAYS_SEARCH_USER_PATHS = NO;
				CLANG_CXX_LANGUAGE_STANDARD = "gnu++0x";
				CLANG_CXX_LIBRARY = "libc++";
				CLANG_ENABLE_MODULES = YES;
				CLANG_ENABLE_OBJC_ARC = YES;
				CLANG_WARN_BOOL_CONVERSION = YES;
				CLANG_WARN_CONSTANT_CONVERSION = YES;
				CLANG_WARN_DIRECT_OBJC_ISA_USAGE = YES_ERROR;
				CLANG_WARN_EMPTY_BODY = YES;
				CLANG_WARN_ENUM_CONVERSION = YES;
				CLANG_WARN_INT_CONVERSION = YES;
				CLANG_WARN_OBJC_ROOT_CLASS = YES_ERROR;
				CLANG_WARN_UNREACHABLE_CODE = YES;
				CLANG_WARN__DUPLICATE_METHOD_MATCH = YES;
				"CODE_SIGN_IDENTITY[sdk=iphoneos*]" = "iPhone Developer";
				COPY_PHASE_STRIP = YES;
				ENABLE_NS_ASSERTIONS = NO;
				ENABLE_STRICT_OBJC_MSGSEND = YES;
				GCC_C_LANGUAGE_STANDARD = gnu99;
				GCC_WARN_64_TO_32_BIT_CONVERSION = YES;
				GCC_WARN_ABOUT_RETURN_TYPE = YES_ERROR;
				GCC_WARN_UNDECLARED_SELECTOR = YES;
				GCC_WARN_UNINITIALIZED_AUTOS = YES_AGGRESSIVE;
				GCC_WARN_UNUSED_FUNCTION = YES;
				GCC_WARN_UNUSED_VARIABLE = YES;
				IPHONEOS_DEPLOYMENT_TARGET = 8.1;
				MTL_ENABLE_DEBUG_INFO = NO;
				SDKROOT = iphoneos;
				TARGETED_DEVICE_FAMILY = "1,2";
				VALIDATE_PRODUCT = YES;
			};
			name = Release;
		};
		304BBCC419FC99BB000452EA /* Debug */ = {
			isa = XCBuildConfiguration;
			buildSettings = {
				ASSETCATALOG_COMPILER_APPICON_NAME = AppIcon;
				INFOPLIST_FILE = DCalendarUtil/Info.plist;
				LD_RUNPATH_SEARCH_PATHS = "$(inherited) @executable_path/Frameworks";
				PRODUCT_NAME = "$(TARGET_NAME)";
			};
			name = Debug;
		};
		304BBCC519FC99BB000452EA /* Release */ = {
			isa = XCBuildConfiguration;
			buildSettings = {
				ASSETCATALOG_COMPILER_APPICON_NAME = AppIcon;
				INFOPLIST_FILE = DCalendarUtil/Info.plist;
				LD_RUNPATH_SEARCH_PATHS = "$(inherited) @executable_path/Frameworks";
				PRODUCT_NAME = "$(TARGET_NAME)";
			};
			name = Release;
		};
		304BBCC719FC99BB000452EA /* Debug */ = {
			isa = XCBuildConfiguration;
			buildSettings = {
				BUNDLE_LOADER = "$(TEST_HOST)";
				FRAMEWORK_SEARCH_PATHS = (
					"$(SDKROOT)/Developer/Library/Frameworks",
					"$(inherited)",
				);
				GCC_PREPROCESSOR_DEFINITIONS = (
					"DEBUG=1",
					"$(inherited)",
				);
				INFOPLIST_FILE = DCalendarUtilTests/Info.plist;
				LD_RUNPATH_SEARCH_PATHS = "$(inherited) @executable_path/Frameworks @loader_path/Frameworks";
				PRODUCT_NAME = "$(TARGET_NAME)";
				TEST_HOST = "$(BUILT_PRODUCTS_DIR)/DCalendarUtil.app/DCalendarUtil";
			};
			name = Debug;
		};
		304BBCC819FC99BB000452EA /* Release */ = {
			isa = XCBuildConfiguration;
			buildSettings = {
				BUNDLE_LOADER = "$(TEST_HOST)";
				FRAMEWORK_SEARCH_PATHS = (
					"$(SDKROOT)/Developer/Library/Frameworks",
					"$(inherited)",
				);
				INFOPLIST_FILE = DCalendarUtilTests/Info.plist;
				LD_RUNPATH_SEARCH_PATHS = "$(inherited) @executable_path/Frameworks @loader_path/Frameworks";
				PRODUCT_NAME = "$(TARGET_NAME)";
				TEST_HOST = "$(BUILT_PRODUCTS_DIR)/DCalendarUtil.app/DCalendarUtil";
			};
			name = Release;
		};
/* End XCBuildConfiguration section */

/* Begin XCConfigurationList section */
		304BBC9F19FC99BB000452EA /* Build configuration list for PBXProject "DCalendarUtil" */ = {
			isa = XCConfigurationList;
			buildConfigurations = (
				304BBCC119FC99BB000452EA /* Debug */,
				304BBCC219FC99BB000452EA /* Release */,
			);
			defaultConfigurationIsVisible = 0;
			defaultConfigurationName = Release;
		};
		304BBCC319FC99BB000452EA /* Build configuration list for PBXNativeTarget "DCalendarUtil" */ = {
			isa = XCConfigurationList;
			buildConfigurations = (
				304BBCC419FC99BB000452EA /* Debug */,
				304BBCC519FC99BB000452EA /* Release */,
			);
			defaultConfigurationIsVisible = 0;
		};
		304BBCC619FC99BB000452EA /* Build configuration list for PBXNativeTarget "DCalendarUtilTests" */ = {
			isa = XCConfigurationList;
			buildConfigurations = (
				304BBCC719FC99BB000452EA /* Debug */,
				304BBCC819FC99BB000452EA /* Release */,
			);
			defaultConfigurationIsVisible = 0;
		};
/* End XCConfigurationList section */
	};
	rootObject = 304BBC9C19FC99BB000452EA /* Project object */;
}
